<?xml version="1.0" encoding="utf-8"?>
<Project ToolsVersion="4.0" xmlns="http://schemas.microsoft.com/developer/msbuild/2003">
  <ItemGroup>
    <Filter Include="src">
      <UniqueIdentifier>{915073c3-adfb-4265-ad72-1164b7844ba7}</UniqueIdentifier>
    </Filter>
    <Filter Include="inc">
      <UniqueIdentifier>{70ea2fe2-262f-44e5-88c8-6b6523a180ff}</UniqueIdentifier>
    </Filter>
  </ItemGroup>
  <ItemGroup>
    <ClInclude Include="..\inc\PGLog.h">
      <Filter>inc</Filter>
    </ClInclude>
    <ClInclude Include="..\inc\PGDef.h">
      <Filter>inc</Filter>
    </ClInclude>
    <ClInclude Include="..\inc\PGThread.h">
      <Filter>inc</Filter>
    </ClInclude>
    <ClInclude Include="..\inc\PGUtil.h">
      <Filter>inc</Filter>
    </ClInclude>
    <ClInclude Include="..\inc\PGAnimation.h">
      <Filter>inc</Filter>
    </ClInclude>
    <ClInclude Include="..\inc\PGMetadata.h">
      <Filter>inc</Filter>
    </ClInclude>
  </ItemGroup>
  <ItemGroup>
    <ClCompile Include="..\src\PGLog.cpp">
      <Filter>src</Filter>
    </ClCompile>
    <ClCompile Include="..\main.cpp" />
    <ClCompile Include="..\src\PGUtil.cpp">
      <Filter>src</Filter>
    </ClCompile>
  </ItemGroup>
</Project>